
Microsoft Visual Studio Solution File, Format Version 12.00
# Visual Studio Version 17
VisualStudioVersion = 17.3.32901.215
MinimumVisualStudioVersion = 10.0.40219.1
Project("{FAE04EC0-301F-11D3-BF4B-00C04F79EFBC}") = "ArtPackage204", "ArtPackage204.csproj", "{00492446-A83D-4FD8-8126-E4B7F03238A2}"
EndProject
Global
	GlobalSection(SolutionConfigurationPlatforms) = preSolution
		Debug|Any CPU = Debug|Any CPU
		Release|Any CPU = Release|Any CPU
	EndGlobalSection
	GlobalSection(ProjectConfigurationPlatforms) = postSolution
		{00492446-A83D-4FD8-8126-E4B7F03238A2}.Debug|Any CPU.ActiveCfg = Debug|Any CPU
		{00492446-A83D-4FD8-8126-E4B7F03238A2}.Debug|Any CPU.Build.0 = Debug|Any CPU
		{00492446-A83D-4FD8-8126-E4B7F03238A2}.Release|Any CPU.ActiveCfg = Release|Any CPU
		{00492446-A83D-4FD8-8126-E4B7F03238A2}.Release|Any CPU.Build.0 = Release|Any CPU
	EndGlobalSection
	GlobalSection(SolutionProperties) = preSolution
		HideSolutionNode = FALSE
	EndGlobalSection
	GlobalSection(ExtensibilityGlobals) = postSolution
		SolutionGuid = {73D288EA-6BC8-46ED-A296-C68B3508E07E}
	EndGlobalSection
EndGlobal
